
Microsoft Visual Studio Solution File, Format Version 12.00
# Visual Studio Version 17
VisualStudioVersion = 17.0.31903.59
MinimumVisualStudioVersion = 10.0.40219.1
Project("{2150E333-8FDC-42A3-9474-1A3956D46DE8}") = "000. ROOT.", "000. ROOT.", "{8B56B1EA-BB6B-4B17-AD37-E9B0BFB1AFAB}"
	ProjectSection(SolutionItems) = preProject
		..\.editorconfig = ..\.editorconfig
		..\.gitignore = ..\.gitignore
		..\LICENSE = ..\LICENSE
	EndProjectSection
EndProject
Project("{2150E333-8FDC-42A3-9474-1A3956D46DE8}") = "001. DESIGN.", "001. DESIGN.", "{29C08281-465A-4315-9DFE-E6C8E16602E4}"
EndProject
Project("{FAE04EC0-301F-11D3-BF4B-00C04F79EFBC}") = "Kwality.QCreate.Design", "Kwality.QCreate.Design\Kwality.QCreate.Design.csproj", "{93843178-2FED-4062-93D7-593E0B2770DE}"
EndProject
Project("{FAE04EC0-301F-11D3-BF4B-00C04F79EFBC}") = "Kwality.QCreate.Design.Roslyn", "Kwality.QCreate.Design.Roslyn\Kwality.QCreate.Design.Roslyn.csproj", "{C7F89F70-8AB4-4274-A9D8-CFF4BB57B4E3}"
EndProject
Project("{FAE04EC0-301F-11D3-BF4B-00C04F79EFBC}") = "Kwality.QCreate.Design.QA", "Kwality.QCreate.Design.QA\Kwality.QCreate.Design.QA.csproj", "{2834F100-2FCD-44F7-AD74-8A0782AA8A19}"
EndProject
Project("{2150E333-8FDC-42A3-9474-1A3956D46DE8}") = "100. SOURCE.", "100. SOURCE.", "{9008CD89-55D7-4308-A0E2-18E3E3061600}"
EndProject
Project("{2150E333-8FDC-42A3-9474-1A3956D46DE8}") = "200. QUALITY ASSURANCE.", "200. QUALITY ASSURANCE.", "{D5CE8F03-F6A3-4CE2-85E9-1BCD113AD538}"
EndProject
Project("{2150E333-8FDC-42A3-9474-1A3956D46DE8}") = "002. IMPLEMENTATION.", "002. IMPLEMENTATION.", "{B9F032A4-9017-4320-8569-36FAA91DD016}"
EndProject
Project("{2150E333-8FDC-42A3-9474-1A3956D46DE8}") = "100. SOURCE.", "100. SOURCE.", "{E15CB21A-C659-4FED-8F81-3DCBD6C3C146}"
EndProject
Project("{2150E333-8FDC-42A3-9474-1A3956D46DE8}") = "200. QUALITY ASSURANCE.", "200. QUALITY ASSURANCE.", "{25071387-7DB9-4B6F-AA02-F74F16915A0C}"
EndProject
Project("{FAE04EC0-301F-11D3-BF4B-00C04F79EFBC}") = "Kwality.QCreate", "Kwality.QCreate\Kwality.QCreate.csproj", "{CAE33C5F-E06E-4907-A88F-8CC47F1AF67B}"
EndProject
Project("{FAE04EC0-301F-11D3-BF4B-00C04F79EFBC}") = "Kwality.QCreate.QA", "Kwality.QCreate.QA\Kwality.QCreate.QA.csproj", "{5AA1B347-682F-4083-8FCF-D2F2B3FAEFCE}"
EndProject
Project("{FAE04EC0-301F-11D3-BF4B-00C04F79EFBC}") = "Kwality.QCreate.Roslyn", "Kwality.QCreate.Roslyn\Kwality.QCreate.Roslyn.csproj", "{D4360BED-97D0-446A-9A14-90E44C3635EC}"
EndProject
Project("{2150E333-8FDC-42A3-9474-1A3956D46DE8}") = "003. USAGE.", "003. USAGE.", "{F10B4D41-B998-492B-9773-EAF6E4FCDC86}"
EndProject
Project("{FAE04EC0-301F-11D3-BF4B-00C04F79EFBC}") = "Kwality.QCreate.Usage.QA", "Kwality.QCreate.Usage.QA\Kwality.QCreate.Usage.QA.csproj", "{5858675C-574D-404B-8538-AA4E0E748AFC}"
EndProject
Project("{2150E333-8FDC-42A3-9474-1A3956D46DE8}") = "999. SHARED.", "999. SHARED.", "{FFE7FD01-F0F6-44E3-BA31-6FBEC16BAC75}"
EndProject
Project("{FAE04EC0-301F-11D3-BF4B-00C04F79EFBC}") = "Kwality.QCreate.QA.Shared", "Kwality.QCreate.QA.Shared\Kwality.QCreate.QA.Shared.csproj", "{018E1B3D-1AC9-4C61-A375-A8ACEA08A743}"
EndProject
Global
	GlobalSection(SolutionConfigurationPlatforms) = preSolution
		Debug|Any CPU = Debug|Any CPU
		Release|Any CPU = Release|Any CPU
	EndGlobalSection
	GlobalSection(SolutionProperties) = preSolution
		HideSolutionNode = FALSE
	EndGlobalSection
	GlobalSection(NestedProjects) = preSolution
		{9008CD89-55D7-4308-A0E2-18E3E3061600} = {29C08281-465A-4315-9DFE-E6C8E16602E4}
		{D5CE8F03-F6A3-4CE2-85E9-1BCD113AD538} = {29C08281-465A-4315-9DFE-E6C8E16602E4}
		{93843178-2FED-4062-93D7-593E0B2770DE} = {9008CD89-55D7-4308-A0E2-18E3E3061600}
		{2834F100-2FCD-44F7-AD74-8A0782AA8A19} = {D5CE8F03-F6A3-4CE2-85E9-1BCD113AD538}
		{C7F89F70-8AB4-4274-A9D8-CFF4BB57B4E3} = {9008CD89-55D7-4308-A0E2-18E3E3061600}
		{E15CB21A-C659-4FED-8F81-3DCBD6C3C146} = {B9F032A4-9017-4320-8569-36FAA91DD016}
		{25071387-7DB9-4B6F-AA02-F74F16915A0C} = {B9F032A4-9017-4320-8569-36FAA91DD016}
		{CAE33C5F-E06E-4907-A88F-8CC47F1AF67B} = {E15CB21A-C659-4FED-8F81-3DCBD6C3C146}
		{5AA1B347-682F-4083-8FCF-D2F2B3FAEFCE} = {25071387-7DB9-4B6F-AA02-F74F16915A0C}
		{D4360BED-97D0-446A-9A14-90E44C3635EC} = {E15CB21A-C659-4FED-8F81-3DCBD6C3C146}
		{5858675C-574D-404B-8538-AA4E0E748AFC} = {F10B4D41-B998-492B-9773-EAF6E4FCDC86}
		{018E1B3D-1AC9-4C61-A375-A8ACEA08A743} = {FFE7FD01-F0F6-44E3-BA31-6FBEC16BAC75}
	EndGlobalSection
	GlobalSection(ProjectConfigurationPlatforms) = postSolution
		{93843178-2FED-4062-93D7-593E0B2770DE}.Debug|Any CPU.ActiveCfg = Debug|Any CPU
		{93843178-2FED-4062-93D7-593E0B2770DE}.Debug|Any CPU.Build.0 = Debug|Any CPU
		{93843178-2FED-4062-93D7-593E0B2770DE}.Release|Any CPU.ActiveCfg = Release|Any CPU
		{93843178-2FED-4062-93D7-593E0B2770DE}.Release|Any CPU.Build.0 = Release|Any CPU
		{C7F89F70-8AB4-4274-A9D8-CFF4BB57B4E3}.Debug|Any CPU.ActiveCfg = Debug|Any CPU
		{C7F89F70-8AB4-4274-A9D8-CFF4BB57B4E3}.Debug|Any CPU.Build.0 = Debug|Any CPU
		{C7F89F70-8AB4-4274-A9D8-CFF4BB57B4E3}.Release|Any CPU.ActiveCfg = Release|Any CPU
		{C7F89F70-8AB4-4274-A9D8-CFF4BB57B4E3}.Release|Any CPU.Build.0 = Release|Any CPU
		{2834F100-2FCD-44F7-AD74-8A0782AA8A19}.Debug|Any CPU.ActiveCfg = Debug|Any CPU
		{2834F100-2FCD-44F7-AD74-8A0782AA8A19}.Debug|Any CPU.Build.0 = Debug|Any CPU
		{2834F100-2FCD-44F7-AD74-8A0782AA8A19}.Release|Any CPU.ActiveCfg = Release|Any CPU
		{2834F100-2FCD-44F7-AD74-8A0782AA8A19}.Release|Any CPU.Build.0 = Release|Any CPU
		{CAE33C5F-E06E-4907-A88F-8CC47F1AF67B}.Debug|Any CPU.ActiveCfg = Debug|Any CPU
		{CAE33C5F-E06E-4907-A88F-8CC47F1AF67B}.Debug|Any CPU.Build.0 = Debug|Any CPU
		{CAE33C5F-E06E-4907-A88F-8CC47F1AF67B}.Release|Any CPU.ActiveCfg = Release|Any CPU
		{CAE33C5F-E06E-4907-A88F-8CC47F1AF67B}.Release|Any CPU.Build.0 = Release|Any CPU
		{5AA1B347-682F-4083-8FCF-D2F2B3FAEFCE}.Debug|Any CPU.ActiveCfg = Debug|Any CPU
		{5AA1B347-682F-4083-8FCF-D2F2B3FAEFCE}.Debug|Any CPU.Build.0 = Debug|Any CPU
		{5AA1B347-682F-4083-8FCF-D2F2B3FAEFCE}.Release|Any CPU.ActiveCfg = Release|Any CPU
		{5AA1B347-682F-4083-8FCF-D2F2B3FAEFCE}.Release|Any CPU.Build.0 = Release|Any CPU
		{D4360BED-97D0-446A-9A14-90E44C3635EC}.Debug|Any CPU.ActiveCfg = Debug|Any CPU
		{D4360BED-97D0-446A-9A14-90E44C3635EC}.Debug|Any CPU.Build.0 = Debug|Any CPU
		{D4360BED-97D0-446A-9A14-90E44C3635EC}.Release|Any CPU.ActiveCfg = Release|Any CPU
		{D4360BED-97D0-446A-9A14-90E44C3635EC}.Release|Any CPU.Build.0 = Release|Any CPU
		{5858675C-574D-404B-8538-AA4E0E748AFC}.Debug|Any CPU.ActiveCfg = Debug|Any CPU
		{5858675C-574D-404B-8538-AA4E0E748AFC}.Debug|Any CPU.Build.0 = Debug|Any CPU
		{5858675C-574D-404B-8538-AA4E0E748AFC}.Release|Any CPU.ActiveCfg = Release|Any CPU
		{5858675C-574D-404B-8538-AA4E0E748AFC}.Release|Any CPU.Build.0 = Release|Any CPU
		{018E1B3D-1AC9-4C61-A375-A8ACEA08A743}.Debug|Any CPU.ActiveCfg = Debug|Any CPU
		{018E1B3D-1AC9-4C61-A375-A8ACEA08A743}.Debug|Any CPU.Build.0 = Debug|Any CPU
		{018E1B3D-1AC9-4C61-A375-A8ACEA08A743}.Release|Any CPU.ActiveCfg = Release|Any CPU
		{018E1B3D-1AC9-4C61-A375-A8ACEA08A743}.Release|Any CPU.Build.0 = Release|Any CPU
	EndGlobalSection
EndGlobal
